
Microsoft Visual Studio Solution File, Format Version 12.00
# Visual Studio Version 17
VisualStudioVersion = 17.13.35913.81 d17.13
MinimumVisualStudioVersion = 10.0.40219.1
Project("{FAE04EC0-301F-11D3-BF4B-00C04F79EFBC}") = "Kiirtoidu tellija", "Kiirtoidu tellija.csproj", "{EB487EBF-7C48-46F6-9C37-44A782A6BE6D}"
EndProject
Global
	GlobalSection(SolutionConfigurationPlatforms) = preSolution
		Debug|Any CPU = Debug|Any CPU
		Release|Any CPU = Release|Any CPU
	EndGlobalSection
	GlobalSection(ProjectConfigurationPlatforms) = postSolution
		{EB487EBF-7C48-46F6-9C37-44A782A6BE6D}.Debug|Any CPU.ActiveCfg = Debug|Any CPU
		{EB487EBF-7C48-46F6-9C37-44A782A6BE6D}.Debug|Any CPU.Build.0 = Debug|Any CPU
		{EB487EBF-7C48-46F6-9C37-44A782A6BE6D}.Release|Any CPU.ActiveCfg = Release|Any CPU
		{EB487EBF-7C48-46F6-9C37-44A782A6BE6D}.Release|Any CPU.Build.0 = Release|Any CPU
	EndGlobalSection
	GlobalSection(SolutionProperties) = preSolution
		HideSolutionNode = FALSE
	EndGlobalSection
	GlobalSection(ExtensibilityGlobals) = postSolution
		SolutionGuid = {C80EB231-511E-4E69-90A2-C026AA855FAB}
	EndGlobalSection
EndGlobal
